
Microsoft Visual Studio Solution File, Format Version 12.00
# Visual Studio Version 17
VisualStudioVersion = 17.11.35219.272
MinimumVisualStudioVersion = 10.0.40219.1
Project("{FAE04EC0-301F-11D3-BF4B-00C04F79EFBC}") = "ClassExercisePetStore", "ClassExercisePetStore\ClassExercisePetStore.csproj", "{5CA0EC6D-B835-42A5-A7BC-598736D55754}"
EndProject
Global
	GlobalSection(SolutionConfigurationPlatforms) = preSolution
		Debug|Any CPU = Debug|Any CPU
		Release|Any CPU = Release|Any CPU
	EndGlobalSection
	GlobalSection(ProjectConfigurationPlatforms) = postSolution
		{5CA0EC6D-B835-42A5-A7BC-598736D55754}.Debug|Any CPU.ActiveCfg = Debug|Any CPU
		{5CA0EC6D-B835-42A5-A7BC-598736D55754}.Debug|Any CPU.Build.0 = Debug|Any CPU
		{5CA0EC6D-B835-42A5-A7BC-598736D55754}.Release|Any CPU.ActiveCfg = Release|Any CPU
		{5CA0EC6D-B835-42A5-A7BC-598736D55754}.Release|Any CPU.Build.0 = Release|Any CPU
	EndGlobalSection
	GlobalSection(SolutionProperties) = preSolution
		HideSolutionNode = FALSE
	EndGlobalSection
	GlobalSection(ExtensibilityGlobals) = postSolution
		SolutionGuid = {476CF422-FD36-4348-8310-4598D92C25DE}
	EndGlobalSection
EndGlobal
